// !$*UTF8*$!
{
	archiveVersion = 1;
	classes = {
	};
	objectVersion = 46;
	objects = {

/* Begin PBXBuildFile section */
		5245F9F81CCC367E0082B0E2 /* AppDelegate.swift in Sources */ = {isa = PBXBuildFile; fileRef = 5245F9F71CCC367E0082B0E2 /* AppDelegate.swift */; };
		5245F9FA1CCC367E0082B0E2 /* ViewController.swift in Sources */ = {isa = PBXBuildFile; fileRef = 5245F9F91CCC367E0082B0E2 /* ViewController.swift */; };
		5245F9FD1CCC367E0082B0E2 /* Main.storyboard in Resources */ = {isa = PBXBuildFile; fileRef = 5245F9FB1CCC367E0082B0E2 /* Main.storyboard */; };
		5245F9FF1CCC367E0082B0E2 /* Assets.xcassets in Resources */ = {isa = PBXBuildFile; fileRef = 5245F9FE1CCC367E0082B0E2 /* Assets.xcassets */; };
		5245FA021CCC367E0082B0E2 /* LaunchScreen.storyboard in Resources */ = {isa = PBXBuildFile; fileRef = 5245FA001CCC367E0082B0E2 /* LaunchScreen.storyboard */; };
		5245FA0B1CCC46480082B0E2 /* Alamofire.framework in Frameworks */ = {isa = PBXBuildFile; fileRef = 5245FA0A1CCC46480082B0E2 /* Alamofire.framework */; };
		5245FA0D1CCC46B30082B0E2 /* AlamofireObjectMapper.framework in Frameworks */ = {isa = PBXBuildFile; fileRef = 5245FA0C1CCC46B30082B0E2 /* AlamofireObjectMapper.framework */; };
		5245FA0F1CCC46C70082B0E2 /* HTTPStatusCodes.framework in Frameworks */ = {isa = PBXBuildFile; fileRef = 5245FA0E1CCC46C70082B0E2 /* HTTPStatusCodes.framework */; };
		5245FA111CCC46D90082B0E2 /* ObjectMapper.framework in Frameworks */ = {isa = PBXBuildFile; fileRef = 5245FA101CCC46D90082B0E2 /* ObjectMapper.framework */; };
		5245FA131CCC46F20082B0E2 /* Starscream.framework in Frameworks */ = {isa = PBXBuildFile; fileRef = 5245FA121CCC46F20082B0E2 /* Starscream.framework */; };
		5245FA151CCC471E0082B0E2 /* WatsonDeveloperCloud.framework in Frameworks */ = {isa = PBXBuildFile; fileRef = 5245FA141CCC471E0082B0E2 /* WatsonDeveloperCloud.framework */; };
		5245FA161CCC53A10082B0E2 /* Alamofire.framework in Frameworks */ = {isa = PBXBuildFile; fileRef = 5245FA0A1CCC46480082B0E2 /* Alamofire.framework */; };
		5245FA171CCC53A10082B0E2 /* Alamofire.framework in Embed Frameworks */ = {isa = PBXBuildFile; fileRef = 5245FA0A1CCC46480082B0E2 /* Alamofire.framework */; settings = {ATTRIBUTES = (CodeSignOnCopy, RemoveHeadersOnCopy, ); }; };
		5245FA191CCC57E70082B0E2 /* AlamofireObjectMapper.framework in Embed Frameworks */ = {isa = PBXBuildFile; fileRef = 5245FA0C1CCC46B30082B0E2 /* AlamofireObjectMapper.framework */; settings = {ATTRIBUTES = (CodeSignOnCopy, RemoveHeadersOnCopy, ); }; };
		5245FA1A1CCC581B0082B0E2 /* ObjectMapper.framework in Embed Frameworks */ = {isa = PBXBuildFile; fileRef = 5245FA101CCC46D90082B0E2 /* ObjectMapper.framework */; settings = {ATTRIBUTES = (CodeSignOnCopy, RemoveHeadersOnCopy, ); }; };
		5245FA1B1CCC58260082B0E2 /* Starscream.framework in Embed Frameworks */ = {isa = PBXBuildFile; fileRef = 5245FA121CCC46F20082B0E2 /* Starscream.framework */; settings = {ATTRIBUTES = (CodeSignOnCopy, RemoveHeadersOnCopy, ); }; };
		5245FA1C1CCC58390082B0E2 /* HTTPStatusCodes.framework in Embed Frameworks */ = {isa = PBXBuildFile; fileRef = 5245FA0E1CCC46C70082B0E2 /* HTTPStatusCodes.framework */; settings = {ATTRIBUTES = (CodeSignOnCopy, RemoveHeadersOnCopy, ); }; };
		5245FA1D1CCC58400082B0E2 /* WatsonDeveloperCloud.framework in Embed Frameworks */ = {isa = PBXBuildFile; fileRef = 5245FA141CCC471E0082B0E2 /* WatsonDeveloperCloud.framework */; settings = {ATTRIBUTES = (CodeSignOnCopy, RemoveHeadersOnCopy, ); }; };
		5245FA1F1CCCFB2D0082B0E2 /* storybookVC.swift in Sources */ = {isa = PBXBuildFile; fileRef = 5245FA1E1CCCFB2D0082B0E2 /* storybookVC.swift */; };
		5245FA211CCCFC6D0082B0E2 /* playStorybookVC.swift in Sources */ = {isa = PBXBuildFile; fileRef = 5245FA201CCCFC6D0082B0E2 /* playStorybookVC.swift */; };
/* End PBXBuildFile section */

/* Begin PBXCopyFilesBuildPhase section */
		5245FA181CCC53A10082B0E2 /* Embed Frameworks */ = {
			isa = PBXCopyFilesBuildPhase;
			buildActionMask = 2147483647;
			dstPath = "";
			dstSubfolderSpec = 10;
			files = (
				5245FA1D1CCC58400082B0E2 /* WatsonDeveloperCloud.framework in Embed Frameworks */,
				5245FA1C1CCC58390082B0E2 /* HTTPStatusCodes.framework in Embed Frameworks */,
				5245FA1B1CCC58260082B0E2 /* Starscream.framework in Embed Frameworks */,
				5245FA1A1CCC581B0082B0E2 /* ObjectMapper.framework in Embed Frameworks */,
				5245FA191CCC57E70082B0E2 /* AlamofireObjectMapper.framework in Embed Frameworks */,
				5245FA171CCC53A10082B0E2 /* Alamofire.framework in Embed Frameworks */,
			);
			name = "Embed Frameworks";
			runOnlyForDeploymentPostprocessing = 0;
		};
/* End PBXCopyFilesBuildPhase section */

/* Begin PBXFileReference section */
		5245F9F41CCC367E0082B0E2 /* storybook.app */ = {isa = PBXFileReference; explicitFileType = wrapper.application; includeInIndex = 0; path = storybook.app; sourceTree = BUILT_PRODUCTS_DIR; };
		5245F9F71CCC367E0082B0E2 /* AppDelegate.swift */ = {isa = PBXFileReference; lastKnownFileType = sourcecode.swift; path = AppDelegate.swift; sourceTree = "<group>"; };
		5245F9F91CCC367E0082B0E2 /* ViewController.swift */ = {isa = PBXFileReference; lastKnownFileType = sourcecode.swift; path = ViewController.swift; sourceTree = "<group>"; };
		5245F9FC1CCC367E0082B0E2 /* Base */ = {isa = PBXFileReference; lastKnownFileType = file.storyboard; name = Base; path = Base.lproj/Main.storyboard; sourceTree = "<group>"; };
		5245F9FE1CCC367E0082B0E2 /* Assets.xcassets */ = {isa = PBXFileReference; lastKnownFileType = folder.assetcatalog; path = Assets.xcassets; sourceTree = "<group>"; };
		5245FA011CCC367E0082B0E2 /* Base */ = {isa = PBXFileReference; lastKnownFileType = file.storyboard; name = Base; path = Base.lproj/LaunchScreen.storyboard; sourceTree = "<group>"; };
		5245FA031CCC367E0082B0E2 /* Info.plist */ = {isa = PBXFileReference; lastKnownFileType = text.plist.xml; path = Info.plist; sourceTree = "<group>"; };
		5245FA0A1CCC46480082B0E2 /* Alamofire.framework */ = {isa = PBXFileReference; lastKnownFileType = wrapper.framework; path = Alamofire.framework; sourceTree = "<group>"; };
		5245FA0C1CCC46B30082B0E2 /* AlamofireObjectMapper.framework */ = {isa = PBXFileReference; lastKnownFileType = wrapper.framework; path = AlamofireObjectMapper.framework; sourceTree = "<group>"; };
		5245FA0E1CCC46C70082B0E2 /* HTTPStatusCodes.framework */ = {isa = PBXFileReference; lastKnownFileType = wrapper.framework; path = HTTPStatusCodes.framework; sourceTree = "<group>"; };
		5245FA101CCC46D90082B0E2 /* ObjectMapper.framework */ = {isa = PBXFileReference; lastKnownFileType = wrapper.framework; path = ObjectMapper.framework; sourceTree = "<group>"; };
		5245FA121CCC46F20082B0E2 /* Starscream.framework */ = {isa = PBXFileReference; lastKnownFileType = wrapper.framework; path = Starscream.framework; sourceTree = "<group>"; };
		5245FA141CCC471E0082B0E2 /* WatsonDeveloperCloud.framework */ = {isa = PBXFileReference; lastKnownFileType = wrapper.framework; path = WatsonDeveloperCloud.framework; sourceTree = "<group>"; };
		5245FA1E1CCCFB2D0082B0E2 /* storybookVC.swift */ = {isa = PBXFileReference; fileEncoding = 4; lastKnownFileType = sourcecode.swift; path = storybookVC.swift; sourceTree = "<group>"; };
		5245FA201CCCFC6D0082B0E2 /* playStorybookVC.swift */ = {isa = PBXFileReference; fileEncoding = 4; lastKnownFileType = sourcecode.swift; path = playStorybookVC.swift; sourceTree = "<group>"; };
/* End PBXFileReference section */

/* Begin PBXFrameworksBuildPhase section */
		5245F9F11CCC367E0082B0E2 /* Frameworks */ = {
			isa = PBXFrameworksBuildPhase;
			buildActionMask = 2147483647;
			files = (
				5245FA0B1CCC46480082B0E2 /* Alamofire.framework in Frameworks */,
				5245FA0D1CCC46B30082B0E2 /* AlamofireObjectMapper.framework in Frameworks */,
				5245FA111CCC46D90082B0E2 /* ObjectMapper.framework in Frameworks */,
				5245FA131CCC46F20082B0E2 /* Starscream.framework in Frameworks */,
				5245FA161CCC53A10082B0E2 /* Alamofire.framework in Frameworks */,
				5245FA0F1CCC46C70082B0E2 /* HTTPStatusCodes.framework in Frameworks */,
				5245FA151CCC471E0082B0E2 /* WatsonDeveloperCloud.framework in Frameworks */,
			);
			runOnlyForDeploymentPostprocessing = 0;
		};
/* End PBXFrameworksBuildPhase section */

/* Begin PBXGroup section */
		5245F9EB1CCC367E0082B0E2 = {
			isa = PBXGroup;
			children = (
				5245F9F61CCC367E0082B0E2 /* storybook */,
				5245F9F51CCC367E0082B0E2 /* Products */,
			);
			sourceTree = "<group>";
		};
		5245F9F51CCC367E0082B0E2 /* Products */ = {
			isa = PBXGroup;
			children = (
				5245F9F41CCC367E0082B0E2 /* storybook.app */,
			);
			name = Products;
			sourceTree = "<group>";
		};
		5245F9F61CCC367E0082B0E2 /* storybook */ = {
			isa = PBXGroup;
			children = (
				5245F9F71CCC367E0082B0E2 /* AppDelegate.swift */,
				5245FA091CCC426F0082B0E2 /* Frameworks */,
				5245F9F91CCC367E0082B0E2 /* ViewController.swift */,
				5245FA1E1CCCFB2D0082B0E2 /* storybookVC.swift */,
				5245FA201CCCFC6D0082B0E2 /* playStorybookVC.swift */,
				5245F9FB1CCC367E0082B0E2 /* Main.storyboard */,
				5245F9FE1CCC367E0082B0E2 /* Assets.xcassets */,
				5245FA001CCC367E0082B0E2 /* LaunchScreen.storyboard */,
				5245FA031CCC367E0082B0E2 /* Info.plist */,
			);
			path = storybook;
			sourceTree = "<group>";
		};
		5245FA091CCC426F0082B0E2 /* Frameworks */ = {
			isa = PBXGroup;
			children = (
				5245FA141CCC471E0082B0E2 /* WatsonDeveloperCloud.framework */,
				5245FA121CCC46F20082B0E2 /* Starscream.framework */,
				5245FA101CCC46D90082B0E2 /* ObjectMapper.framework */,
				5245FA0E1CCC46C70082B0E2 /* HTTPStatusCodes.framework */,
				5245FA0C1CCC46B30082B0E2 /* AlamofireObjectMapper.framework */,
				5245FA0A1CCC46480082B0E2 /* Alamofire.framework */,
			);
			name = Frameworks;
			sourceTree = "<group>";
		};
/* End PBXGroup section */

/* Begin PBXNativeTarget section */
		5245F9F31CCC367E0082B0E2 /* storybook */ = {
			isa = PBXNativeTarget;
			buildConfigurationList = 5245FA061CCC367E0082B0E2 /* Build configuration list for PBXNativeTarget "storybook" */;
			buildPhases = (
				5245F9F01CCC367E0082B0E2 /* Sources */,
				5245F9F11CCC367E0082B0E2 /* Frameworks */,
				5245F9F21CCC367E0082B0E2 /* Resources */,
				5245FA181CCC53A10082B0E2 /* Embed Frameworks */,
			);
			buildRules = (
			);
			dependencies = (
			);
			name = storybook;
			productName = storybook;
			productReference = 5245F9F41CCC367E0082B0E2 /* storybook.app */;
			productType = "com.apple.product-type.application";
		};
/* End PBXNativeTarget section */

/* Begin PBXProject section */
		5245F9EC1CCC367E0082B0E2 /* Project object */ = {
			isa = PBXProject;
			attributes = {
				LastSwiftUpdateCheck = 0730;
				LastUpgradeCheck = 0730;
				ORGANIZATIONNAME = "John G";
				TargetAttributes = {
					5245F9F31CCC367E0082B0E2 = {
						CreatedOnToolsVersion = 7.3;
					};
				};
			};
			buildConfigurationList = 5245F9EF1CCC367E0082B0E2 /* Build configuration list for PBXProject "storybook" */;
			compatibilityVersion = "Xcode 3.2";
			developmentRegion = English;
			hasScannedForEncodings = 0;
			knownRegions = (
				en,
				Base,
			);
			mainGroup = 5245F9EB1CCC367E0082B0E2;
			productRefGroup = 5245F9F51CCC367E0082B0E2 /* Products */;
			projectDirPath = "";
			projectRoot = "";
			targets = (
				5245F9F31CCC367E0082B0E2 /* storybook */,
			);
		};
/* End PBXProject section */

/* Begin PBXResourcesBuildPhase section */
		5245F9F21CCC367E0082B0E2 /* Resources */ = {
			isa = PBXResourcesBuildPhase;
			buildActionMask = 2147483647;
			files = (
				5245FA021CCC367E0082B0E2 /* LaunchScreen.storyboard in Resources */,
				5245F9FF1CCC367E0082B0E2 /* Assets.xcassets in Resources */,
				5245F9FD1CCC367E0082B0E2 /* Main.storyboard in Resources */,
			);
			runOnlyForDeploymentPostprocessing = 0;
		};
/* End PBXResourcesBuildPhase section */

/* Begin PBXSourcesBuildPhase section */
		5245F9F01CCC367E0082B0E2 /* Sources */ = {
			isa = PBXSourcesBuildPhase;
			buildActionMask = 2147483647;
			files = (
				5245FA1F1CCCFB2D0082B0E2 /* storybookVC.swift in Sources */,
				5245F9FA1CCC367E0082B0E2 /* ViewController.swift in Sources */,
				5245F9F81CCC367E0082B0E2 /* AppDelegate.swift in Sources */,
				5245FA211CCCFC6D0082B0E2 /* playStorybookVC.swift in Sources */,
			);
			runOnlyForDeploymentPostprocessing = 0;
		};
/* End PBXSourcesBuildPhase section */

/* Begin PBXVariantGroup section */
		5245F9FB1CCC367E0082B0E2 /* Main.storyboard */ = {
			isa = PBXVariantGroup;
			children = (
				5245F9FC1CCC367E0082B0E2 /* Base */,
			);
			name = Main.storyboard;
			sourceTree = "<group>";
		};
		5245FA001CCC367E0082B0E2 /* LaunchScreen.storyboard */ = {
			isa = PBXVariantGroup;
			children = (
				5245FA011CCC367E0082B0E2 /* Base */,
			);
			name = LaunchScreen.storyboard;
			sourceTree = "<group>";
		};
/* End PBXVariantGroup section */

/* Begin XCBuildConfiguration section */
		5245FA041CCC367E0082B0E2 /* Debug */ = {
			isa = XCBuildConfiguration;
			buildSettings = {
				ALWAYS_SEARCH_USER_PATHS = NO;
				CLANG_ANALYZER_NONNULL = YES;
				CLANG_CXX_LANGUAGE_STANDARD = "gnu++0x";
				CLANG_CXX_LIBRARY = "libc++";
				CLANG_ENABLE_MODULES = YES;
				CLANG_ENABLE_OBJC_ARC = YES;
				CLANG_WARN_BOOL_CONVERSION = YES;
				CLANG_WARN_CONSTANT_CONVERSION = YES;
				CLANG_WARN_DIRECT_OBJC_ISA_USAGE = YES_ERROR;
				CLANG_WARN_EMPTY_BODY = YES;
				CLANG_WARN_ENUM_CONVERSION = YES;
				CLANG_WARN_INT_CONVERSION = YES;
				CLANG_WARN_OBJC_ROOT_CLASS = YES_ERROR;
				CLANG_WARN_UNREACHABLE_CODE = YES;
				CLANG_WARN__DUPLICATE_METHOD_MATCH = YES;
				"CODE_SIGN_IDENTITY[sdk=iphoneos*]" = "iPhone Developer";
				COPY_PHASE_STRIP = NO;
				DEBUG_INFORMATION_FORMAT = dwarf;
				ENABLE_STRICT_OBJC_MSGSEND = YES;
				ENABLE_TESTABILITY = YES;
				GCC_C_LANGUAGE_STANDARD = gnu99;
				GCC_DYNAMIC_NO_PIC = NO;
				GCC_NO_COMMON_BLOCKS = YES;
				GCC_OPTIMIZATION_LEVEL = 0;
				GCC_PREPROCESSOR_DEFINITIONS = (
					"DEBUG=1",
					"$(inherited)",
				);
				GCC_WARN_64_TO_32_BIT_CONVERSION = YES;
				GCC_WARN_ABOUT_RETURN_TYPE = YES_ERROR;
				GCC_WARN_UNDECLARED_SELECTOR = YES;
				GCC_WARN_UNINITIALIZED_AUTOS = YES_AGGRESSIVE;
				GCC_WARN_UNUSED_FUNCTION = YES;
				GCC_WARN_UNUSED_VARIABLE = YES;
				IPHONEOS_DEPLOYMENT_TARGET = 9.3;
				MTL_ENABLE_DEBUG_INFO = YES;
				ONLY_ACTIVE_ARCH = YES;
				SDKROOT = iphoneos;
				SWIFT_OPTIMIZATION_LEVEL = "-Onone";
				TARGETED_DEVICE_FAMILY = "1,2";
			};
			name = Debug;
		};
		5245FA051CCC367E0082B0E2 /* Release */ = {
			isa = XCBuildConfiguration;
			buildSettings = {
				ALWAYS_SEARCH_USER_PATHS = NO;
				CLANG_ANALYZER_NONNULL = YES;
				CLANG_CXX_LANGUAGE_STANDARD = "gnu++0x";
				CLANG_CXX_LIBRARY = "libc++";
				CLANG_ENABLE_MODULES = YES;
				CLANG_ENABLE_OBJC_ARC = YES;
				CLANG_WARN_BOOL_CONVERSION = YES;
				CLANG_WARN_CONSTANT_CONVERSION = YES;
				CLANG_WARN_DIRECT_OBJC_ISA_USAGE = YES_ERROR;
				CLANG_WARN_EMPTY_BODY = YES;
				CLANG_WARN_ENUM_CONVERSION = YES;
				CLANG_WARN_INT_CONVERSION = YES;
				CLANG_WARN_OBJC_ROOT_CLASS = YES_ERROR;
				CLANG_WARN_UNREACHABLE_CODE = YES;
				CLANG_WARN__DUPLICATE_METHOD_MATCH = YES;
				"CODE_SIGN_IDENTITY[sdk=iphoneos*]" = "iPhone Developer";
				COPY_PHASE_STRIP = NO;
				DEBUG_INFORMATION_FORMAT = "dwarf-with-dsym";
				ENABLE_NS_ASSERTIONS = NO;
				ENABLE_STRICT_OBJC_MSGSEND = YES;
				GCC_C_LANGUAGE_STANDARD = gnu99;
				GCC_NO_COMMON_BLOCKS = YES;
				GCC_WARN_64_TO_32_BIT_CONVERSION = YES;
				GCC_WARN_ABOUT_RETURN_TYPE = YES_ERROR;
				GCC_WARN_UNDECLARED_SELECTOR = YES;
				GCC_WARN_UNINITIALIZED_AUTOS = YES_AGGRESSIVE;
				GCC_WARN_UNUSED_FUNCTION = YES;
				GCC_WARN_UNUSED_VARIABLE = YES;
				IPHONEOS_DEPLOYMENT_TARGET = 9.3;
				MTL_ENABLE_DEBUG_INFO = NO;
				SDKROOT = iphoneos;
				TARGETED_DEVICE_FAMILY = "1,2";
				VALIDATE_PRODUCT = YES;
			};
			name = Release;
		};
		5245FA071CCC367E0082B0E2 /* Debug */ = {
			isa = XCBuildConfiguration;
			buildSettings = {
				ASSETCATALOG_COMPILER_APPICON_NAME = AppIcon;
				FRAMEWORK_SEARCH_PATHS = (
					"$(inherited)",
					"$(PROJECT_DIR)/storybook",
				);
				INFOPLIST_FILE = storybook/Info.plist;
				LD_RUNPATH_SEARCH_PATHS = "$(inherited) @executable_path/Frameworks";
				PRODUCT_BUNDLE_IDENTIFIER = C4Q.storybook;
				PRODUCT_NAME = "$(TARGET_NAME)";
			};
			name = Debug;
		};
		5245FA081CCC367E0082B0E2 /* Release */ = {
			isa = XCBuildConfiguration;
			buildSettings = {
				ASSETCATALOG_COMPILER_APPICON_NAME = AppIcon;
				FRAMEWORK_SEARCH_PATHS = (
					"$(inherited)",
					"$(PROJECT_DIR)/storybook",
				);
				INFOPLIST_FILE = storybook/Info.plist;
				LD_RUNPATH_SEARCH_PATHS = "$(inherited) @executable_path/Frameworks";
				PRODUCT_BUNDLE_IDENTIFIER = C4Q.storybook;
				PRODUCT_NAME = "$(TARGET_NAME)";
			};
			name = Release;
		};
/* End XCBuildConfiguration section */

/* Begin XCConfigurationList section */
		5245F9EF1CCC367E0082B0E2 /* Build configuration list for PBXProject "storybook" */ = {
			isa = XCConfigurationList;
			buildConfigurations = (
				5245FA041CCC367E0082B0E2 /* Debug */,
				5245FA051CCC367E0082B0E2 /* Release */,
			);
			defaultConfigurationIsVisible = 0;
			defaultConfigurationName = Release;
		};
		5245FA061CCC367E0082B0E2 /* Build configuration list for PBXNativeTarget "storybook" */ = {
			isa = XCConfigurationList;
			buildConfigurations = (
				5245FA071CCC367E0082B0E2 /* Debug */,
				5245FA081CCC367E0082B0E2 /* Release */,
			);
			defaultConfigurationIsVisible = 0;
		};
/* End XCConfigurationList section */
	};
	rootObject = 5245F9EC1CCC367E0082B0E2 /* Project object */;
}
